
Microsoft Visual Studio Solution File, Format Version 12.00
# Visual Studio Version 17
VisualStudioVersion = 17.10.35027.167
MinimumVisualStudioVersion = 10.0.40219.1
Project("{888888A0-9F3D-457C-B088-3A5042F75D52}") = "WSPR", "WSPR.pyproj", "{1DB0B598-ECB1-4567-AE36-79A3A15D32FB}"
EndProject
Global
	GlobalSection(SolutionConfigurationPlatforms) = preSolution
		Debug|Any CPU = Debug|Any CPU
		Release|Any CPU = Release|Any CPU
	EndGlobalSection
	GlobalSection(ProjectConfigurationPlatforms) = postSolution
		{1DB0B598-ECB1-4567-AE36-79A3A15D32FB}.Debug|Any CPU.ActiveCfg = Debug|Any CPU
		{1DB0B598-ECB1-4567-AE36-79A3A15D32FB}.Release|Any CPU.ActiveCfg = Release|Any CPU
	EndGlobalSection
	GlobalSection(SolutionProperties) = preSolution
		HideSolutionNode = FALSE
	EndGlobalSection
	GlobalSection(ExtensibilityGlobals) = postSolution
		SolutionGuid = {17EC9D9B-5984-4229-B016-0D4985FE18C7}
	EndGlobalSection
EndGlobal
